
Microsoft Visual Studio Solution File, Format Version 12.00
# Visual Studio 15
Project("{FAE04EC0-301F-11D3-BF4B-00C04F79EFBC}") = "UnityEngine.TestRunner", "UnityEngine.TestRunner.csproj", "{8671D7CA-AFB0-A5FF-66E9-B79D411D8DCF}"
EndProject
Project("{FAE04EC0-301F-11D3-BF4B-00C04F79EFBC}") = "Unity.Mathematics", "Unity.Mathematics.csproj", "{A1DCA043-E3BA-0481-71C5-AE5845A8B811}"
EndProject
Project("{FAE04EC0-301F-11D3-BF4B-00C04F79EFBC}") = "Unity.2D.Animation.Triangle.Runtime", "Unity.2D.Animation.Triangle.Runtime.csproj", "{A66CD34C-69C3-A938-8D05-3E09AE41A5B2}"
EndProject
Project("{FAE04EC0-301F-11D3-BF4B-00C04F79EFBC}") = "Unity.Timeline", "Unity.Timeline.csproj", "{ED4C518B-88E2-AE54-9EAA-D2A56D7DB8F9}"
EndProject
Project("{FAE04EC0-301F-11D3-BF4B-00C04F79EFBC}") = "UnityEngine.UI", "UnityEngine.UI.csproj", "{82C1F123-9C44-A697-BF3D-54A2632297E3}"
EndProject
Project("{FAE04EC0-301F-11D3-BF4B-00C04F79EFBC}") = "Unity.TextMeshPro", "Unity.TextMeshPro.csproj", "{D8F51D7E-4635-84FC-190B-9080B9B6517D}"
EndProject
Project("{FAE04EC0-301F-11D3-BF4B-00C04F79EFBC}") = "Unity.2D.Animation.Runtime", "Unity.2D.Animation.Runtime.csproj", "{5789615D-3349-D441-C204-36DBA63AE8BE}"
EndProject
Project("{FAE04EC0-301F-11D3-BF4B-00C04F79EFBC}") = "Unity.2D.IK.Runtime", "Unity.2D.IK.Runtime.csproj", "{758885FB-A21E-8865-299A-FFF69D40474C}"
EndProject
Project("{FAE04EC0-301F-11D3-BF4B-00C04F79EFBC}") = "Unity.2D.SpriteShape.Runtime", "Unity.2D.SpriteShape.Runtime.csproj", "{323ACA2A-FFE9-0D45-A17E-6C173B7678F5}"
EndProject
Project("{FAE04EC0-301F-11D3-BF4B-00C04F79EFBC}") = "Unity.2D.PixelPerfect", "Unity.2D.PixelPerfect.csproj", "{AEEC4AAD-EADB-53BD-6D12-3927CC9EDABC}"
EndProject
Project("{FAE04EC0-301F-11D3-BF4B-00C04F79EFBC}") = "Assembly-CSharp", "Assembly-CSharp.csproj", "{47E47DC7-A2A8-6ACB-D889-24E57F084C0F}"
EndProject
Project("{FAE04EC0-301F-11D3-BF4B-00C04F79EFBC}") = "Unity.2D.Common.Runtime", "Unity.2D.Common.Runtime.csproj", "{B8213C68-1E24-510F-AC9E-ABE72492EF0D}"
EndProject
Project("{FAE04EC0-301F-11D3-BF4B-00C04F79EFBC}") = "Unity.InternalAPIEngineBridge.001", "Unity.InternalAPIEngineBridge.001.csproj", "{0D4B6523-A248-31CD-680C-506B83FB17FD}"
EndProject
Project("{FAE04EC0-301F-11D3-BF4B-00C04F79EFBC}") = "UnityEditor.TestRunner", "UnityEditor.TestRunner.csproj", "{D5F32661-F938-C896-BEDF-2C7732C0C1D3}"
EndProject
Project("{FAE04EC0-301F-11D3-BF4B-00C04F79EFBC}") = "Unity.PlasticSCM.Editor", "Unity.PlasticSCM.Editor.csproj", "{69D90197-02DA-9AA9-2C5F-72E3676A2B6D}"
EndProject
Project("{FAE04EC0-301F-11D3-BF4B-00C04F79EFBC}") = "UnityEditor.UI", "UnityEditor.UI.csproj", "{AAFB296F-2095-3B12-4979-3C999EBC1C18}"
EndProject
Project("{FAE04EC0-301F-11D3-BF4B-00C04F79EFBC}") = "Unity.Services.Core.Editor", "Unity.Services.Core.Editor.csproj", "{2ACFCA53-ED5A-80EB-69CB-E643755101FE}"
EndProject
Project("{FAE04EC0-301F-11D3-BF4B-00C04F79EFBC}") = "Unity.Timeline.Editor", "Unity.Timeline.Editor.csproj", "{67A26434-490B-8F87-1063-264300BBAD1D}"
EndProject
Project("{FAE04EC0-301F-11D3-BF4B-00C04F79EFBC}") = "Unity.VisualStudio.Editor", "Unity.VisualStudio.Editor.csproj", "{8DC516DD-91BB-E40A-A237-0E583C25EB49}"
EndProject
Project("{FAE04EC0-301F-11D3-BF4B-00C04F79EFBC}") = "Unity.2D.Psdimporter.Editor", "Unity.2D.Psdimporter.Editor.csproj", "{649717E9-BC00-550E-B979-7A13B9AFDF0B}"
EndProject
Project("{FAE04EC0-301F-11D3-BF4B-00C04F79EFBC}") = "Unity.2D.Animation.Editor", "Unity.2D.Animation.Editor.csproj", "{51A0DB08-299B-C08D-6810-D3237CE92AB2}"
EndProject
Project("{FAE04EC0-301F-11D3-BF4B-00C04F79EFBC}") = "Unity.TextMeshPro.Editor", "Unity.TextMeshPro.Editor.csproj", "{6371E605-8099-71AA-0CAE-C5E3E2AA18D8}"
EndProject
Project("{FAE04EC0-301F-11D3-BF4B-00C04F79EFBC}") = "Unity.2D.SpriteShape.Editor", "Unity.2D.SpriteShape.Editor.csproj", "{03993A4D-E16B-0456-14F7-EC1E000A8882}"
EndProject
Project("{FAE04EC0-301F-11D3-BF4B-00C04F79EFBC}") = "Unity.CollabProxy.Editor", "Unity.CollabProxy.Editor.csproj", "{A44E022F-A05E-E784-D641-804484DB8764}"
EndProject
Project("{FAE04EC0-301F-11D3-BF4B-00C04F79EFBC}") = "PsdPlugin", "PsdPlugin.csproj", "{A20C59BA-1C76-10CF-1B31-3484E8ADC22F}"
EndProject
Project("{FAE04EC0-301F-11D3-BF4B-00C04F79EFBC}") = "Unity.2D.Path.Editor", "Unity.2D.Path.Editor.csproj", "{7E83E674-ED8C-D87C-0C51-2360D762922F}"
EndProject
Project("{FAE04EC0-301F-11D3-BF4B-00C04F79EFBC}") = "Unity.Rider.Editor", "Unity.Rider.Editor.csproj", "{12EE5AC0-9717-2BFC-1F20-4D7DEC7D308F}"
EndProject
Project("{FAE04EC0-301F-11D3-BF4B-00C04F79EFBC}") = "Unity.2D.IK.Editor", "Unity.2D.IK.Editor.csproj", "{CFAB7FE7-439A-2D13-D479-EEF954653C79}"
EndProject
Project("{FAE04EC0-301F-11D3-BF4B-00C04F79EFBC}") = "Unity.2D.Sprite.Editor", "Unity.2D.Sprite.Editor.csproj", "{60EF811B-57AE-1824-892B-820378CDCDD0}"
EndProject
Project("{FAE04EC0-301F-11D3-BF4B-00C04F79EFBC}") = "Unity.2D.Tilemap.Editor", "Unity.2D.Tilemap.Editor.csproj", "{DB11E187-EF9E-A729-7BA5-CD1C03DFC282}"
EndProject
Project("{FAE04EC0-301F-11D3-BF4B-00C04F79EFBC}") = "Unity.2D.PixelPerfect.Editor", "Unity.2D.PixelPerfect.Editor.csproj", "{FBB02C5E-EA1F-3E61-8340-0BFF20C5812F}"
EndProject
Project("{FAE04EC0-301F-11D3-BF4B-00C04F79EFBC}") = "Unity.VSCode.Editor", "Unity.VSCode.Editor.csproj", "{B409DDC9-0A5D-781D-9709-DE960097070F}"
EndProject
Project("{FAE04EC0-301F-11D3-BF4B-00C04F79EFBC}") = "Unity.2D.Common.Editor", "Unity.2D.Common.Editor.csproj", "{A778E92F-F306-A830-9FF6-CA6B11FD4DAD}"
EndProject
Project("{FAE04EC0-301F-11D3-BF4B-00C04F79EFBC}") = "Unity.Mathematics.Editor", "Unity.Mathematics.Editor.csproj", "{2DAF4AD5-7008-B24E-CC0B-AB230625D48A}"
EndProject
Project("{FAE04EC0-301F-11D3-BF4B-00C04F79EFBC}") = "Unity.InternalAPIEditorBridge.001", "Unity.InternalAPIEditorBridge.001.csproj", "{FE3A39F3-ACFD-637F-0AFD-2C626CE968D7}"
EndProject
Project("{FAE04EC0-301F-11D3-BF4B-00C04F79EFBC}") = "UnityEngine.TestRunner", "UnityEngine.TestRunner.Player.csproj", "{7FCAC2CE-A69D-232E-B657-21B1BAA2BCD5}"
EndProject
Project("{FAE04EC0-301F-11D3-BF4B-00C04F79EFBC}") = "Unity.Mathematics", "Unity.Mathematics.Player.csproj", "{24307474-0EB6-B80F-89E8-4CA550837988}"
EndProject
Project("{FAE04EC0-301F-11D3-BF4B-00C04F79EFBC}") = "Unity.2D.Animation.Triangle.Runtime", "Unity.2D.Animation.Triangle.Runtime.Player.csproj", "{6CC9DCF0-6F08-C5A4-61E9-C01A8E1B5D16}"
EndProject
Project("{FAE04EC0-301F-11D3-BF4B-00C04F79EFBC}") = "Unity.Timeline", "Unity.Timeline.Player.csproj", "{4B4399EF-A65F-728E-97EF-34102F86E137}"
EndProject
Project("{FAE04EC0-301F-11D3-BF4B-00C04F79EFBC}") = "UnityEngine.UI", "UnityEngine.UI.Player.csproj", "{55CEF79F-5705-BC67-CB02-2B835BD1DC0A}"
EndProject
Project("{FAE04EC0-301F-11D3-BF4B-00C04F79EFBC}") = "Unity.TextMeshPro", "Unity.TextMeshPro.Player.csproj", "{10DF175F-C255-5BFD-82DF-37F73E3480A1}"
EndProject
Project("{FAE04EC0-301F-11D3-BF4B-00C04F79EFBC}") = "Unity.2D.Animation.Runtime", "Unity.2D.Animation.Runtime.Player.csproj", "{C0F2F258-E9E3-74D0-DB86-494A227A5EB8}"
EndProject
Project("{FAE04EC0-301F-11D3-BF4B-00C04F79EFBC}") = "Unity.2D.IK.Runtime", "Unity.2D.IK.Runtime.Player.csproj", "{20ECA0D3-537B-DCB3-2709-DE4619E4653D}"
EndProject
Project("{FAE04EC0-301F-11D3-BF4B-00C04F79EFBC}") = "Unity.2D.SpriteShape.Runtime", "Unity.2D.SpriteShape.Runtime.Player.csproj", "{EDD9123E-95C4-B894-BD86-F883B71B0B7D}"
EndProject
Project("{FAE04EC0-301F-11D3-BF4B-00C04F79EFBC}") = "Unity.2D.PixelPerfect", "Unity.2D.PixelPerfect.Player.csproj", "{64225B91-73B0-91DB-0FD0-2A42A68CBD55}"
EndProject
Project("{FAE04EC0-301F-11D3-BF4B-00C04F79EFBC}") = "Assembly-CSharp", "Assembly-CSharp.Player.csproj", "{A009C68A-5A25-F67D-C2B1-BA9BB5BDA8A9}"
EndProject
Project("{FAE04EC0-301F-11D3-BF4B-00C04F79EFBC}") = "Unity.2D.Common.Runtime", "Unity.2D.Common.Runtime.Player.csproj", "{443890E0-6363-E7FE-E267-08E94A29BDCE}"
EndProject
Project("{FAE04EC0-301F-11D3-BF4B-00C04F79EFBC}") = "Unity.InternalAPIEngineBridge.001", "Unity.InternalAPIEngineBridge.001.Player.csproj", "{73979C38-6879-CDE8-C688-A58B3B6051E8}"
EndProject
Global
	GlobalSection(SolutionConfigurationPlatforms) = preSolution
		Debug|Any CPU = Debug|Any CPU
		Release|Any CPU = Release|Any CPU
	EndGlobalSection
	GlobalSection(ProjectConfigurationPlatforms) = postSolution
		{8671D7CA-AFB0-A5FF-66E9-B79D411D8DCF}.Debug|Any CPU.ActiveCfg = Debug|Any CPU
		{8671D7CA-AFB0-A5FF-66E9-B79D411D8DCF}.Debug|Any CPU.Build.0 = Debug|Any CPU
		{8671D7CA-AFB0-A5FF-66E9-B79D411D8DCF}.Release|Any CPU.ActiveCfg = Release|Any CPU
		{8671D7CA-AFB0-A5FF-66E9-B79D411D8DCF}.Release|Any CPU.Build.0 = Release|Any CPU
		{A1DCA043-E3BA-0481-71C5-AE5845A8B811}.Debug|Any CPU.ActiveCfg = Debug|Any CPU
		{A1DCA043-E3BA-0481-71C5-AE5845A8B811}.Debug|Any CPU.Build.0 = Debug|Any CPU
		{A1DCA043-E3BA-0481-71C5-AE5845A8B811}.Release|Any CPU.ActiveCfg = Release|Any CPU
		{A1DCA043-E3BA-0481-71C5-AE5845A8B811}.Release|Any CPU.Build.0 = Release|Any CPU
		{A66CD34C-69C3-A938-8D05-3E09AE41A5B2}.Debug|Any CPU.ActiveCfg = Debug|Any CPU
		{A66CD34C-69C3-A938-8D05-3E09AE41A5B2}.Debug|Any CPU.Build.0 = Debug|Any CPU
		{A66CD34C-69C3-A938-8D05-3E09AE41A5B2}.Release|Any CPU.ActiveCfg = Release|Any CPU
		{A66CD34C-69C3-A938-8D05-3E09AE41A5B2}.Release|Any CPU.Build.0 = Release|Any CPU
		{ED4C518B-88E2-AE54-9EAA-D2A56D7DB8F9}.Debug|Any CPU.ActiveCfg = Debug|Any CPU
		{ED4C518B-88E2-AE54-9EAA-D2A56D7DB8F9}.Debug|Any CPU.Build.0 = Debug|Any CPU
		{ED4C518B-88E2-AE54-9EAA-D2A56D7DB8F9}.Release|Any CPU.ActiveCfg = Release|Any CPU
		{ED4C518B-88E2-AE54-9EAA-D2A56D7DB8F9}.Release|Any CPU.Build.0 = Release|Any CPU
		{82C1F123-9C44-A697-BF3D-54A2632297E3}.Debug|Any CPU.ActiveCfg = Debug|Any CPU
		{82C1F123-9C44-A697-BF3D-54A2632297E3}.Debug|Any CPU.Build.0 = Debug|Any CPU
		{82C1F123-9C44-A697-BF3D-54A2632297E3}.Release|Any CPU.ActiveCfg = Release|Any CPU
		{82C1F123-9C44-A697-BF3D-54A2632297E3}.Release|Any CPU.Build.0 = Release|Any CPU
		{D8F51D7E-4635-84FC-190B-9080B9B6517D}.Debug|Any CPU.ActiveCfg = Debug|Any CPU
		{D8F51D7E-4635-84FC-190B-9080B9B6517D}.Debug|Any CPU.Build.0 = Debug|Any CPU
		{D8F51D7E-4635-84FC-190B-9080B9B6517D}.Release|Any CPU.ActiveCfg = Release|Any CPU
		{D8F51D7E-4635-84FC-190B-9080B9B6517D}.Release|Any CPU.Build.0 = Release|Any CPU
		{5789615D-3349-D441-C204-36DBA63AE8BE}.Debug|Any CPU.ActiveCfg = Debug|Any CPU
		{5789615D-3349-D441-C204-36DBA63AE8BE}.Debug|Any CPU.Build.0 = Debug|Any CPU
		{5789615D-3349-D441-C204-36DBA63AE8BE}.Release|Any CPU.ActiveCfg = Release|Any CPU
		{5789615D-3349-D441-C204-36DBA63AE8BE}.Release|Any CPU.Build.0 = Release|Any CPU
		{758885FB-A21E-8865-299A-FFF69D40474C}.Debug|Any CPU.ActiveCfg = Debug|Any CPU
		{758885FB-A21E-8865-299A-FFF69D40474C}.Debug|Any CPU.Build.0 = Debug|Any CPU
		{758885FB-A21E-8865-299A-FFF69D40474C}.Release|Any CPU.ActiveCfg = Release|Any CPU
		{758885FB-A21E-8865-299A-FFF69D40474C}.Release|Any CPU.Build.0 = Release|Any CPU
		{323ACA2A-FFE9-0D45-A17E-6C173B7678F5}.Debug|Any CPU.ActiveCfg = Debug|Any CPU
		{323ACA2A-FFE9-0D45-A17E-6C173B7678F5}.Debug|Any CPU.Build.0 = Debug|Any CPU
		{323ACA2A-FFE9-0D45-A17E-6C173B7678F5}.Release|Any CPU.ActiveCfg = Release|Any CPU
		{323ACA2A-FFE9-0D45-A17E-6C173B7678F5}.Release|Any CPU.Build.0 = Release|Any CPU
		{AEEC4AAD-EADB-53BD-6D12-3927CC9EDABC}.Debug|Any CPU.ActiveCfg = Debug|Any CPU
		{AEEC4AAD-EADB-53BD-6D12-3927CC9EDABC}.Debug|Any CPU.Build.0 = Debug|Any CPU
		{AEEC4AAD-EADB-53BD-6D12-3927CC9EDABC}.Release|Any CPU.ActiveCfg = Release|Any CPU
		{AEEC4AAD-EADB-53BD-6D12-3927CC9EDABC}.Release|Any CPU.Build.0 = Release|Any CPU
		{47E47DC7-A2A8-6ACB-D889-24E57F084C0F}.Debug|Any CPU.ActiveCfg = Debug|Any CPU
		{47E47DC7-A2A8-6ACB-D889-24E57F084C0F}.Debug|Any CPU.Build.0 = Debug|Any CPU
		{47E47DC7-A2A8-6ACB-D889-24E57F084C0F}.Release|Any CPU.ActiveCfg = Release|Any CPU
		{47E47DC7-A2A8-6ACB-D889-24E57F084C0F}.Release|Any CPU.Build.0 = Release|Any CPU
		{B8213C68-1E24-510F-AC9E-ABE72492EF0D}.Debug|Any CPU.ActiveCfg = Debug|Any CPU
		{B8213C68-1E24-510F-AC9E-ABE72492EF0D}.Debug|Any CPU.Build.0 = Debug|Any CPU
		{B8213C68-1E24-510F-AC9E-ABE72492EF0D}.Release|Any CPU.ActiveCfg = Release|Any CPU
		{B8213C68-1E24-510F-AC9E-ABE72492EF0D}.Release|Any CPU.Build.0 = Release|Any CPU
		{0D4B6523-A248-31CD-680C-506B83FB17FD}.Debug|Any CPU.ActiveCfg = Debug|Any CPU
		{0D4B6523-A248-31CD-680C-506B83FB17FD}.Debug|Any CPU.Build.0 = Debug|Any CPU
		{0D4B6523-A248-31CD-680C-506B83FB17FD}.Release|Any CPU.ActiveCfg = Release|Any CPU
		{0D4B6523-A248-31CD-680C-506B83FB17FD}.Release|Any CPU.Build.0 = Release|Any CPU
		{D5F32661-F938-C896-BEDF-2C7732C0C1D3}.Debug|Any CPU.ActiveCfg = Debug|Any CPU
		{D5F32661-F938-C896-BEDF-2C7732C0C1D3}.Debug|Any CPU.Build.0 = Debug|Any CPU
		{D5F32661-F938-C896-BEDF-2C7732C0C1D3}.Release|Any CPU.ActiveCfg = Release|Any CPU
		{D5F32661-F938-C896-BEDF-2C7732C0C1D3}.Release|Any CPU.Build.0 = Release|Any CPU
		{69D90197-02DA-9AA9-2C5F-72E3676A2B6D}.Debug|Any CPU.ActiveCfg = Debug|Any CPU
		{69D90197-02DA-9AA9-2C5F-72E3676A2B6D}.Debug|Any CPU.Build.0 = Debug|Any CPU
		{69D90197-02DA-9AA9-2C5F-72E3676A2B6D}.Release|Any CPU.ActiveCfg = Release|Any CPU
		{69D90197-02DA-9AA9-2C5F-72E3676A2B6D}.Release|Any CPU.Build.0 = Release|Any CPU
		{AAFB296F-2095-3B12-4979-3C999EBC1C18}.Debug|Any CPU.ActiveCfg = Debug|Any CPU
		{AAFB296F-2095-3B12-4979-3C999EBC1C18}.Debug|Any CPU.Build.0 = Debug|Any CPU
		{AAFB296F-2095-3B12-4979-3C999EBC1C18}.Release|Any CPU.ActiveCfg = Release|Any CPU
		{AAFB296F-2095-3B12-4979-3C999EBC1C18}.Release|Any CPU.Build.0 = Release|Any CPU
		{2ACFCA53-ED5A-80EB-69CB-E643755101FE}.Debug|Any CPU.ActiveCfg = Debug|Any CPU
		{2ACFCA53-ED5A-80EB-69CB-E643755101FE}.Debug|Any CPU.Build.0 = Debug|Any CPU
		{2ACFCA53-ED5A-80EB-69CB-E643755101FE}.Release|Any CPU.ActiveCfg = Release|Any CPU
		{2ACFCA53-ED5A-80EB-69CB-E643755101FE}.Release|Any CPU.Build.0 = Release|Any CPU
		{67A26434-490B-8F87-1063-264300BBAD1D}.Debug|Any CPU.ActiveCfg = Debug|Any CPU
		{67A26434-490B-8F87-1063-264300BBAD1D}.Debug|Any CPU.Build.0 = Debug|Any CPU
		{67A26434-490B-8F87-1063-264300BBAD1D}.Release|Any CPU.ActiveCfg = Release|Any CPU
		{67A26434-490B-8F87-1063-264300BBAD1D}.Release|Any CPU.Build.0 = Release|Any CPU
		{8DC516DD-91BB-E40A-A237-0E583C25EB49}.Debug|Any CPU.ActiveCfg = Debug|Any CPU
		{8DC516DD-91BB-E40A-A237-0E583C25EB49}.Debug|Any CPU.Build.0 = Debug|Any CPU
		{8DC516DD-91BB-E40A-A237-0E583C25EB49}.Release|Any CPU.ActiveCfg = Release|Any CPU
		{8DC516DD-91BB-E40A-A237-0E583C25EB49}.Release|Any CPU.Build.0 = Release|Any CPU
		{649717E9-BC00-550E-B979-7A13B9AFDF0B}.Debug|Any CPU.ActiveCfg = Debug|Any CPU
		{649717E9-BC00-550E-B979-7A13B9AFDF0B}.Debug|Any CPU.Build.0 = Debug|Any CPU
		{649717E9-BC00-550E-B979-7A13B9AFDF0B}.Release|Any CPU.ActiveCfg = Release|Any CPU
		{649717E9-BC00-550E-B979-7A13B9AFDF0B}.Release|Any CPU.Build.0 = Release|Any CPU
		{51A0DB08-299B-C08D-6810-D3237CE92AB2}.Debug|Any CPU.ActiveCfg = Debug|Any CPU
		{51A0DB08-299B-C08D-6810-D3237CE92AB2}.Debug|Any CPU.Build.0 = Debug|Any CPU
		{51A0DB08-299B-C08D-6810-D3237CE92AB2}.Release|Any CPU.ActiveCfg = Release|Any CPU
		{51A0DB08-299B-C08D-6810-D3237CE92AB2}.Release|Any CPU.Build.0 = Release|Any CPU
		{6371E605-8099-71AA-0CAE-C5E3E2AA18D8}.Debug|Any CPU.ActiveCfg = Debug|Any CPU
		{6371E605-8099-71AA-0CAE-C5E3E2AA18D8}.Debug|Any CPU.Build.0 = Debug|Any CPU
		{6371E605-8099-71AA-0CAE-C5E3E2AA18D8}.Release|Any CPU.ActiveCfg = Release|Any CPU
		{6371E605-8099-71AA-0CAE-C5E3E2AA18D8}.Release|Any CPU.Build.0 = Release|Any CPU
		{03993A4D-E16B-0456-14F7-EC1E000A8882}.Debug|Any CPU.ActiveCfg = Debug|Any CPU
		{03993A4D-E16B-0456-14F7-EC1E000A8882}.Debug|Any CPU.Build.0 = Debug|Any CPU
		{03993A4D-E16B-0456-14F7-EC1E000A8882}.Release|Any CPU.ActiveCfg = Release|Any CPU
		{03993A4D-E16B-0456-14F7-EC1E000A8882}.Release|Any CPU.Build.0 = Release|Any CPU
		{A44E022F-A05E-E784-D641-804484DB8764}.Debug|Any CPU.ActiveCfg = Debug|Any CPU
		{A44E022F-A05E-E784-D641-804484DB8764}.Debug|Any CPU.Build.0 = Debug|Any CPU
		{A44E022F-A05E-E784-D641-804484DB8764}.Release|Any CPU.ActiveCfg = Release|Any CPU
		{A44E022F-A05E-E784-D641-804484DB8764}.Release|Any CPU.Build.0 = Release|Any CPU
		{A20C59BA-1C76-10CF-1B31-3484E8ADC22F}.Debug|Any CPU.ActiveCfg = Debug|Any CPU
		{A20C59BA-1C76-10CF-1B31-3484E8ADC22F}.Debug|Any CPU.Build.0 = Debug|Any CPU
		{A20C59BA-1C76-10CF-1B31-3484E8ADC22F}.Release|Any CPU.ActiveCfg = Release|Any CPU
		{A20C59BA-1C76-10CF-1B31-3484E8ADC22F}.Release|Any CPU.Build.0 = Release|Any CPU
		{7E83E674-ED8C-D87C-0C51-2360D762922F}.Debug|Any CPU.ActiveCfg = Debug|Any CPU
		{7E83E674-ED8C-D87C-0C51-2360D762922F}.Debug|Any CPU.Build.0 = Debug|Any CPU
		{7E83E674-ED8C-D87C-0C51-2360D762922F}.Release|Any CPU.ActiveCfg = Release|Any CPU
		{7E83E674-ED8C-D87C-0C51-2360D762922F}.Release|Any CPU.Build.0 = Release|Any CPU
		{12EE5AC0-9717-2BFC-1F20-4D7DEC7D308F}.Debug|Any CPU.ActiveCfg = Debug|Any CPU
		{12EE5AC0-9717-2BFC-1F20-4D7DEC7D308F}.Debug|Any CPU.Build.0 = Debug|Any CPU
		{12EE5AC0-9717-2BFC-1F20-4D7DEC7D308F}.Release|Any CPU.ActiveCfg = Release|Any CPU
		{12EE5AC0-9717-2BFC-1F20-4D7DEC7D308F}.Release|Any CPU.Build.0 = Release|Any CPU
		{CFAB7FE7-439A-2D13-D479-EEF954653C79}.Debug|Any CPU.ActiveCfg = Debug|Any CPU
		{CFAB7FE7-439A-2D13-D479-EEF954653C79}.Debug|Any CPU.Build.0 = Debug|Any CPU
		{CFAB7FE7-439A-2D13-D479-EEF954653C79}.Release|Any CPU.ActiveCfg = Release|Any CPU
		{CFAB7FE7-439A-2D13-D479-EEF954653C79}.Release|Any CPU.Build.0 = Release|Any CPU
		{60EF811B-57AE-1824-892B-820378CDCDD0}.Debug|Any CPU.ActiveCfg = Debug|Any CPU
		{60EF811B-57AE-1824-892B-820378CDCDD0}.Debug|Any CPU.Build.0 = Debug|Any CPU
		{60EF811B-57AE-1824-892B-820378CDCDD0}.Release|Any CPU.ActiveCfg = Release|Any CPU
		{60EF811B-57AE-1824-892B-820378CDCDD0}.Release|Any CPU.Build.0 = Release|Any CPU
		{DB11E187-EF9E-A729-7BA5-CD1C03DFC282}.Debug|Any CPU.ActiveCfg = Debug|Any CPU
		{DB11E187-EF9E-A729-7BA5-CD1C03DFC282}.Debug|Any CPU.Build.0 = Debug|Any CPU
		{DB11E187-EF9E-A729-7BA5-CD1C03DFC282}.Release|Any CPU.ActiveCfg = Release|Any CPU
		{DB11E187-EF9E-A729-7BA5-CD1C03DFC282}.Release|Any CPU.Build.0 = Release|Any CPU
		{FBB02C5E-EA1F-3E61-8340-0BFF20C5812F}.Debug|Any CPU.ActiveCfg = Debug|Any CPU
		{FBB02C5E-EA1F-3E61-8340-0BFF20C5812F}.Debug|Any CPU.Build.0 = Debug|Any CPU
		{FBB02C5E-EA1F-3E61-8340-0BFF20C5812F}.Release|Any CPU.ActiveCfg = Release|Any CPU
		{FBB02C5E-EA1F-3E61-8340-0BFF20C5812F}.Release|Any CPU.Build.0 = Release|Any CPU
		{B409DDC9-0A5D-781D-9709-DE960097070F}.Debug|Any CPU.ActiveCfg = Debug|Any CPU
		{B409DDC9-0A5D-781D-9709-DE960097070F}.Debug|Any CPU.Build.0 = Debug|Any CPU
		{B409DDC9-0A5D-781D-9709-DE960097070F}.Release|Any CPU.ActiveCfg = Release|Any CPU
		{B409DDC9-0A5D-781D-9709-DE960097070F}.Release|Any CPU.Build.0 = Release|Any CPU
		{A778E92F-F306-A830-9FF6-CA6B11FD4DAD}.Debug|Any CPU.ActiveCfg = Debug|Any CPU
		{A778E92F-F306-A830-9FF6-CA6B11FD4DAD}.Debug|Any CPU.Build.0 = Debug|Any CPU
		{A778E92F-F306-A830-9FF6-CA6B11FD4DAD}.Release|Any CPU.ActiveCfg = Release|Any CPU
		{A778E92F-F306-A830-9FF6-CA6B11FD4DAD}.Release|Any CPU.Build.0 = Release|Any CPU
		{2DAF4AD5-7008-B24E-CC0B-AB230625D48A}.Debug|Any CPU.ActiveCfg = Debug|Any CPU
		{2DAF4AD5-7008-B24E-CC0B-AB230625D48A}.Debug|Any CPU.Build.0 = Debug|Any CPU
		{2DAF4AD5-7008-B24E-CC0B-AB230625D48A}.Release|Any CPU.ActiveCfg = Release|Any CPU
		{2DAF4AD5-7008-B24E-CC0B-AB230625D48A}.Release|Any CPU.Build.0 = Release|Any CPU
		{FE3A39F3-ACFD-637F-0AFD-2C626CE968D7}.Debug|Any CPU.ActiveCfg = Debug|Any CPU
		{FE3A39F3-ACFD-637F-0AFD-2C626CE968D7}.Debug|Any CPU.Build.0 = Debug|Any CPU
		{FE3A39F3-ACFD-637F-0AFD-2C626CE968D7}.Release|Any CPU.ActiveCfg = Release|Any CPU
		{FE3A39F3-ACFD-637F-0AFD-2C626CE968D7}.Release|Any CPU.Build.0 = Release|Any CPU
		{7FCAC2CE-A69D-232E-B657-21B1BAA2BCD5}.Debug|Any CPU.ActiveCfg = Debug|Any CPU
		{7FCAC2CE-A69D-232E-B657-21B1BAA2BCD5}.Debug|Any CPU.Build.0 = Debug|Any CPU
		{7FCAC2CE-A69D-232E-B657-21B1BAA2BCD5}.Release|Any CPU.ActiveCfg = Release|Any CPU
		{7FCAC2CE-A69D-232E-B657-21B1BAA2BCD5}.Release|Any CPU.Build.0 = Release|Any CPU
		{24307474-0EB6-B80F-89E8-4CA550837988}.Debug|Any CPU.ActiveCfg = Debug|Any CPU
		{24307474-0EB6-B80F-89E8-4CA550837988}.Debug|Any CPU.Build.0 = Debug|Any CPU
		{24307474-0EB6-B80F-89E8-4CA550837988}.Release|Any CPU.ActiveCfg = Release|Any CPU
		{24307474-0EB6-B80F-89E8-4CA550837988}.Release|Any CPU.Build.0 = Release|Any CPU
		{6CC9DCF0-6F08-C5A4-61E9-C01A8E1B5D16}.Debug|Any CPU.ActiveCfg = Debug|Any CPU
		{6CC9DCF0-6F08-C5A4-61E9-C01A8E1B5D16}.Debug|Any CPU.Build.0 = Debug|Any CPU
		{6CC9DCF0-6F08-C5A4-61E9-C01A8E1B5D16}.Release|Any CPU.ActiveCfg = Release|Any CPU
		{6CC9DCF0-6F08-C5A4-61E9-C01A8E1B5D16}.Release|Any CPU.Build.0 = Release|Any CPU
		{4B4399EF-A65F-728E-97EF-34102F86E137}.Debug|Any CPU.ActiveCfg = Debug|Any CPU
		{4B4399EF-A65F-728E-97EF-34102F86E137}.Debug|Any CPU.Build.0 = Debug|Any CPU
		{4B4399EF-A65F-728E-97EF-34102F86E137}.Release|Any CPU.ActiveCfg = Release|Any CPU
		{4B4399EF-A65F-728E-97EF-34102F86E137}.Release|Any CPU.Build.0 = Release|Any CPU
		{55CEF79F-5705-BC67-CB02-2B835BD1DC0A}.Debug|Any CPU.ActiveCfg = Debug|Any CPU
		{55CEF79F-5705-BC67-CB02-2B835BD1DC0A}.Debug|Any CPU.Build.0 = Debug|Any CPU
		{55CEF79F-5705-BC67-CB02-2B835BD1DC0A}.Release|Any CPU.ActiveCfg = Release|Any CPU
		{55CEF79F-5705-BC67-CB02-2B835BD1DC0A}.Release|Any CPU.Build.0 = Release|Any CPU
		{10DF175F-C255-5BFD-82DF-37F73E3480A1}.Debug|Any CPU.ActiveCfg = Debug|Any CPU
		{10DF175F-C255-5BFD-82DF-37F73E3480A1}.Debug|Any CPU.Build.0 = Debug|Any CPU
		{10DF175F-C255-5BFD-82DF-37F73E3480A1}.Release|Any CPU.ActiveCfg = Release|Any CPU
		{10DF175F-C255-5BFD-82DF-37F73E3480A1}.Release|Any CPU.Build.0 = Release|Any CPU
		{C0F2F258-E9E3-74D0-DB86-494A227A5EB8}.Debug|Any CPU.ActiveCfg = Debug|Any CPU
		{C0F2F258-E9E3-74D0-DB86-494A227A5EB8}.Debug|Any CPU.Build.0 = Debug|Any CPU
		{C0F2F258-E9E3-74D0-DB86-494A227A5EB8}.Release|Any CPU.ActiveCfg = Release|Any CPU
		{C0F2F258-E9E3-74D0-DB86-494A227A5EB8}.Release|Any CPU.Build.0 = Release|Any CPU
		{20ECA0D3-537B-DCB3-2709-DE4619E4653D}.Debug|Any CPU.ActiveCfg = Debug|Any CPU
		{20ECA0D3-537B-DCB3-2709-DE4619E4653D}.Debug|Any CPU.Build.0 = Debug|Any CPU
		{20ECA0D3-537B-DCB3-2709-DE4619E4653D}.Release|Any CPU.ActiveCfg = Release|Any CPU
		{20ECA0D3-537B-DCB3-2709-DE4619E4653D}.Release|Any CPU.Build.0 = Release|Any CPU
		{EDD9123E-95C4-B894-BD86-F883B71B0B7D}.Debug|Any CPU.ActiveCfg = Debug|Any CPU
		{EDD9123E-95C4-B894-BD86-F883B71B0B7D}.Debug|Any CPU.Build.0 = Debug|Any CPU
		{EDD9123E-95C4-B894-BD86-F883B71B0B7D}.Release|Any CPU.ActiveCfg = Release|Any CPU
		{EDD9123E-95C4-B894-BD86-F883B71B0B7D}.Release|Any CPU.Build.0 = Release|Any CPU
		{64225B91-73B0-91DB-0FD0-2A42A68CBD55}.Debug|Any CPU.ActiveCfg = Debug|Any CPU
		{64225B91-73B0-91DB-0FD0-2A42A68CBD55}.Debug|Any CPU.Build.0 = Debug|Any CPU
		{64225B91-73B0-91DB-0FD0-2A42A68CBD55}.Release|Any CPU.ActiveCfg = Release|Any CPU
		{64225B91-73B0-91DB-0FD0-2A42A68CBD55}.Release|Any CPU.Build.0 = Release|Any CPU
		{A009C68A-5A25-F67D-C2B1-BA9BB5BDA8A9}.Debug|Any CPU.ActiveCfg = Debug|Any CPU
		{A009C68A-5A25-F67D-C2B1-BA9BB5BDA8A9}.Debug|Any CPU.Build.0 = Debug|Any CPU
		{A009C68A-5A25-F67D-C2B1-BA9BB5BDA8A9}.Release|Any CPU.ActiveCfg = Release|Any CPU
		{A009C68A-5A25-F67D-C2B1-BA9BB5BDA8A9}.Release|Any CPU.Build.0 = Release|Any CPU
		{443890E0-6363-E7FE-E267-08E94A29BDCE}.Debug|Any CPU.ActiveCfg = Debug|Any CPU
		{443890E0-6363-E7FE-E267-08E94A29BDCE}.Debug|Any CPU.Build.0 = Debug|Any CPU
		{443890E0-6363-E7FE-E267-08E94A29BDCE}.Release|Any CPU.ActiveCfg = Release|Any CPU
		{443890E0-6363-E7FE-E267-08E94A29BDCE}.Release|Any CPU.Build.0 = Release|Any CPU
		{73979C38-6879-CDE8-C688-A58B3B6051E8}.Debug|Any CPU.ActiveCfg = Debug|Any CPU
		{73979C38-6879-CDE8-C688-A58B3B6051E8}.Debug|Any CPU.Build.0 = Debug|Any CPU
		{73979C38-6879-CDE8-C688-A58B3B6051E8}.Release|Any CPU.ActiveCfg = Release|Any CPU
		{73979C38-6879-CDE8-C688-A58B3B6051E8}.Release|Any CPU.Build.0 = Release|Any CPU
	EndGlobalSection
	GlobalSection(SolutionProperties) = preSolution
		HideSolutionNode = FALSE
	EndGlobalSection
EndGlobal
